<Solution>
  <Folder Name="/Docs/">
    <File Path="docs/ArchitectureDiagrams.md" />
    <File Path="docs/TECH_TASK.md" />
  </Folder>
  <Folder Name="/Solution Items/">
    <File Path=".gitattributes" />
    <File Path=".editorconfig" />
    <File Path=".gitignore" />
    <File Path="README.md" />
  </Folder>
  <Project Path="src/SecureAuth/SecureAuth.csproj" />
  <Project Path="test/SecureAuth.Tests/SecureAuth.Tests.csproj" />
</Solution>
